
Microsoft Visual Studio Solution File, Format Version 12.00
# Visual Studio 15
VisualStudioVersion = 15.0.28307.902
MinimumVisualStudioVersion = 10.0.40219.1
Project("{9A19103F-16F7-4668-BE54-9A1E7A4F7556}") = "TaskManagement.Web", "TaskManagement.Web\TaskManagement.Web.csproj", "{46F80412-40B2-4D17-88D7-4FE5F9AAB639}"
EndProject
Project("{9A19103F-16F7-4668-BE54-9A1E7A4F7556}") = "TaskManagement.Web.Tests", "TaskManagement.Web.Tests\TaskManagement.Web.Tests.csproj", "{86A8700B-DF41-41FF-8B41-BE7BE14752F4}"
EndProject
Project("{FAE04EC0-301F-11D3-BF4B-00C04F79EFBC}") = "TaskManagement.Services.Tests", "TaskManagement.Services.Tests\TaskManagement.Services.Tests.csproj", "{9282591A-A679-44CB-814B-49EC853E734D}"
EndProject
Project("{9A19103F-16F7-4668-BE54-9A1E7A4F7556}") = "Model", "Model\Model.csproj", "{BF86D14A-606F-48BC-B0F5-FC8309BA5B7A}"
EndProject
Project("{9A19103F-16F7-4668-BE54-9A1E7A4F7556}") = "Repository", "Repository\Repository.csproj", "{5BBF0F51-E0B6-4ADC-B347-FEEB7D356DDD}"
EndProject
Project("{9A19103F-16F7-4668-BE54-9A1E7A4F7556}") = "Services", "Services\Services.csproj", "{8238DD33-B781-41A9-B757-E0098452CC7F}"
EndProject
Global
	GlobalSection(SolutionConfigurationPlatforms) = preSolution
		Debug|Any CPU = Debug|Any CPU
		Release|Any CPU = Release|Any CPU
	EndGlobalSection
	GlobalSection(ProjectConfigurationPlatforms) = postSolution
		{46F80412-40B2-4D17-88D7-4FE5F9AAB639}.Debug|Any CPU.ActiveCfg = Debug|Any CPU
		{46F80412-40B2-4D17-88D7-4FE5F9AAB639}.Debug|Any CPU.Build.0 = Debug|Any CPU
		{46F80412-40B2-4D17-88D7-4FE5F9AAB639}.Release|Any CPU.ActiveCfg = Release|Any CPU
		{46F80412-40B2-4D17-88D7-4FE5F9AAB639}.Release|Any CPU.Build.0 = Release|Any CPU
		{86A8700B-DF41-41FF-8B41-BE7BE14752F4}.Debug|Any CPU.ActiveCfg = Debug|Any CPU
		{86A8700B-DF41-41FF-8B41-BE7BE14752F4}.Debug|Any CPU.Build.0 = Debug|Any CPU
		{86A8700B-DF41-41FF-8B41-BE7BE14752F4}.Release|Any CPU.ActiveCfg = Release|Any CPU
		{86A8700B-DF41-41FF-8B41-BE7BE14752F4}.Release|Any CPU.Build.0 = Release|Any CPU
		{9282591A-A679-44CB-814B-49EC853E734D}.Debug|Any CPU.ActiveCfg = Debug|Any CPU
		{9282591A-A679-44CB-814B-49EC853E734D}.Debug|Any CPU.Build.0 = Debug|Any CPU
		{9282591A-A679-44CB-814B-49EC853E734D}.Release|Any CPU.ActiveCfg = Release|Any CPU
		{9282591A-A679-44CB-814B-49EC853E734D}.Release|Any CPU.Build.0 = Release|Any CPU
		{BF86D14A-606F-48BC-B0F5-FC8309BA5B7A}.Debug|Any CPU.ActiveCfg = Debug|Any CPU
		{BF86D14A-606F-48BC-B0F5-FC8309BA5B7A}.Debug|Any CPU.Build.0 = Debug|Any CPU
		{BF86D14A-606F-48BC-B0F5-FC8309BA5B7A}.Release|Any CPU.ActiveCfg = Release|Any CPU
		{BF86D14A-606F-48BC-B0F5-FC8309BA5B7A}.Release|Any CPU.Build.0 = Release|Any CPU
		{5BBF0F51-E0B6-4ADC-B347-FEEB7D356DDD}.Debug|Any CPU.ActiveCfg = Debug|Any CPU
		{5BBF0F51-E0B6-4ADC-B347-FEEB7D356DDD}.Debug|Any CPU.Build.0 = Debug|Any CPU
		{5BBF0F51-E0B6-4ADC-B347-FEEB7D356DDD}.Release|Any CPU.ActiveCfg = Release|Any CPU
		{5BBF0F51-E0B6-4ADC-B347-FEEB7D356DDD}.Release|Any CPU.Build.0 = Release|Any CPU
		{8238DD33-B781-41A9-B757-E0098452CC7F}.Debug|Any CPU.ActiveCfg = Debug|Any CPU
		{8238DD33-B781-41A9-B757-E0098452CC7F}.Debug|Any CPU.Build.0 = Debug|Any CPU
		{8238DD33-B781-41A9-B757-E0098452CC7F}.Release|Any CPU.ActiveCfg = Release|Any CPU
		{8238DD33-B781-41A9-B757-E0098452CC7F}.Release|Any CPU.Build.0 = Release|Any CPU
	EndGlobalSection
	GlobalSection(SolutionProperties) = preSolution
		HideSolutionNode = FALSE
	EndGlobalSection
	GlobalSection(ExtensibilityGlobals) = postSolution
		SolutionGuid = {DCE0086A-B837-4311-8952-0FF2EC3B8E84}
	EndGlobalSection
EndGlobal
